
Microsoft Visual Studio Solution File, Format Version 12.00
# Visual Studio 15
VisualStudioVersion = 15.0.26228.4
MinimumVisualStudioVersion = 10.0.40219.1
Project("{FAE04EC0-301F-11D3-BF4B-00C04F79EFBC}") = "L2T2ConverterApp", "L2T2ConverterApp\L2T2ConverterApp.csproj", "{35A64736-01C4-4A2D-8F2B-2950F52C66EF}"
EndProject
Project("{FAE04EC0-301F-11D3-BF4B-00C04F79EFBC}") = "L2T2ConverterAppTest", "L2T2ConverterAppTest\L2T2ConverterAppTest.csproj", "{6D6E1878-7266-427C-9E1D-43AD5CBE0A25}"
EndProject
Global
	GlobalSection(SolutionConfigurationPlatforms) = preSolution
		Debug|Any CPU = Debug|Any CPU
		Release|Any CPU = Release|Any CPU
	EndGlobalSection
	GlobalSection(ProjectConfigurationPlatforms) = postSolution
		{35A64736-01C4-4A2D-8F2B-2950F52C66EF}.Debug|Any CPU.ActiveCfg = Debug|Any CPU
		{35A64736-01C4-4A2D-8F2B-2950F52C66EF}.Debug|Any CPU.Build.0 = Debug|Any CPU
		{35A64736-01C4-4A2D-8F2B-2950F52C66EF}.Release|Any CPU.ActiveCfg = Release|Any CPU
		{35A64736-01C4-4A2D-8F2B-2950F52C66EF}.Release|Any CPU.Build.0 = Release|Any CPU
		{6D6E1878-7266-427C-9E1D-43AD5CBE0A25}.Debug|Any CPU.ActiveCfg = Debug|Any CPU
		{6D6E1878-7266-427C-9E1D-43AD5CBE0A25}.Debug|Any CPU.Build.0 = Debug|Any CPU
		{6D6E1878-7266-427C-9E1D-43AD5CBE0A25}.Release|Any CPU.ActiveCfg = Release|Any CPU
		{6D6E1878-7266-427C-9E1D-43AD5CBE0A25}.Release|Any CPU.Build.0 = Release|Any CPU
	EndGlobalSection
	GlobalSection(SolutionProperties) = preSolution
		HideSolutionNode = FALSE
	EndGlobalSection
EndGlobal
