
Microsoft Visual Studio Solution File, Format Version 12.00
# Visual Studio 14
VisualStudioVersion = 14.0.25123.0
MinimumVisualStudioVersion = 10.0.40219.1
Project("{FAE04EC0-301F-11D3-BF4B-00C04F79EFBC}") = "FileDefinition", "FileDefinition\FileDefinition.csproj", "{AE908154-E6D5-44B4-9C66-D6F3B6AF9DFE}"
EndProject
Global
	GlobalSection(SolutionConfigurationPlatforms) = preSolution
		Debug|Any CPU = Debug|Any CPU
		Release|Any CPU = Release|Any CPU
	EndGlobalSection
	GlobalSection(ProjectConfigurationPlatforms) = postSolution
		{AE908154-E6D5-44B4-9C66-D6F3B6AF9DFE}.Debug|Any CPU.ActiveCfg = Debug|Any CPU
		{AE908154-E6D5-44B4-9C66-D6F3B6AF9DFE}.Debug|Any CPU.Build.0 = Debug|Any CPU
		{AE908154-E6D5-44B4-9C66-D6F3B6AF9DFE}.Release|Any CPU.ActiveCfg = Release|Any CPU
		{AE908154-E6D5-44B4-9C66-D6F3B6AF9DFE}.Release|Any CPU.Build.0 = Release|Any CPU
	EndGlobalSection
	GlobalSection(SolutionProperties) = preSolution
		HideSolutionNode = FALSE
	EndGlobalSection
EndGlobal
