
Microsoft Visual Studio Solution File, Format Version 12.00
# Visual Studio 15
VisualStudioVersion = 15.0.26228.4
MinimumVisualStudioVersion = 10.0.40219.1
Project("{FAE04EC0-301F-11D3-BF4B-00C04F79EFBC}") = "L2T3EmployeeApp", "L2T3EmployeeApp\L2T3EmployeeApp.csproj", "{3CC5C242-D971-4166-887E-E27D60C2B683}"
EndProject
Global
	GlobalSection(SolutionConfigurationPlatforms) = preSolution
		Debug|Any CPU = Debug|Any CPU
		Release|Any CPU = Release|Any CPU
	EndGlobalSection
	GlobalSection(ProjectConfigurationPlatforms) = postSolution
		{3CC5C242-D971-4166-887E-E27D60C2B683}.Debug|Any CPU.ActiveCfg = Debug|Any CPU
		{3CC5C242-D971-4166-887E-E27D60C2B683}.Debug|Any CPU.Build.0 = Debug|Any CPU
		{3CC5C242-D971-4166-887E-E27D60C2B683}.Release|Any CPU.ActiveCfg = Release|Any CPU
		{3CC5C242-D971-4166-887E-E27D60C2B683}.Release|Any CPU.Build.0 = Release|Any CPU
	EndGlobalSection
	GlobalSection(SolutionProperties) = preSolution
		HideSolutionNode = FALSE
	EndGlobalSection
EndGlobal
