
Microsoft Visual Studio Solution File, Format Version 12.00
# Visual Studio 15
VisualStudioVersion = 15.0.26228.4
MinimumVisualStudioVersion = 10.0.40219.1
Project("{FAE04EC0-301F-11D3-BF4B-00C04F79EFBC}") = "ArrayReverseOrSub", "ArrayReverseOrSub\ArrayReverseOrSub.csproj", "{9413C368-2CF3-4C52-9850-EEE8D14CED8F}"
EndProject
Project("{FAE04EC0-301F-11D3-BF4B-00C04F79EFBC}") = "SecondVersion", "SecondVersion\SecondVersion.csproj", "{3D84EFB1-E44D-4A49-96B2-F993B338051F}"
EndProject
Global
	GlobalSection(SolutionConfigurationPlatforms) = preSolution
		Debug|Any CPU = Debug|Any CPU
		Release|Any CPU = Release|Any CPU
	EndGlobalSection
	GlobalSection(ProjectConfigurationPlatforms) = postSolution
		{9413C368-2CF3-4C52-9850-EEE8D14CED8F}.Debug|Any CPU.ActiveCfg = Debug|Any CPU
		{9413C368-2CF3-4C52-9850-EEE8D14CED8F}.Debug|Any CPU.Build.0 = Debug|Any CPU
		{9413C368-2CF3-4C52-9850-EEE8D14CED8F}.Release|Any CPU.ActiveCfg = Release|Any CPU
		{9413C368-2CF3-4C52-9850-EEE8D14CED8F}.Release|Any CPU.Build.0 = Release|Any CPU
		{3D84EFB1-E44D-4A49-96B2-F993B338051F}.Debug|Any CPU.ActiveCfg = Debug|Any CPU
		{3D84EFB1-E44D-4A49-96B2-F993B338051F}.Debug|Any CPU.Build.0 = Debug|Any CPU
		{3D84EFB1-E44D-4A49-96B2-F993B338051F}.Release|Any CPU.ActiveCfg = Release|Any CPU
		{3D84EFB1-E44D-4A49-96B2-F993B338051F}.Release|Any CPU.Build.0 = Release|Any CPU
	EndGlobalSection
	GlobalSection(SolutionProperties) = preSolution
		HideSolutionNode = FALSE
	EndGlobalSection
EndGlobal
